// !$*UTF8*$!
{
	archiveVersion = 1;
	classes = {
	};
	objectVersion = 46;
	objects = {

/* Begin PBXBuildFile section */
		02CAE24B1C3C4A820070D594 /* AppDelegate.swift in Sources */ = {isa = PBXBuildFile; fileRef = 02CAE24A1C3C4A820070D594 /* AppDelegate.swift */; };
		02CAE24D1C3C4A820070D594 /* ViewController.swift in Sources */ = {isa = PBXBuildFile; fileRef = 02CAE24C1C3C4A820070D594 /* ViewController.swift */; };
		02CAE2501C3C4A820070D594 /* Main.storyboard in Resources */ = {isa = PBXBuildFile; fileRef = 02CAE24E1C3C4A820070D594 /* Main.storyboard */; };
		02CAE2521C3C4A820070D594 /* Assets.xcassets in Resources */ = {isa = PBXBuildFile; fileRef = 02CAE2511C3C4A820070D594 /* Assets.xcassets */; };
		02CAE2551C3C4A820070D594 /* LaunchScreen.storyboard in Resources */ = {isa = PBXBuildFile; fileRef = 02CAE2531C3C4A820070D594 /* LaunchScreen.storyboard */; };
		02CAE2601C3C4A820070D594 /* RJSlideMenuTests.swift in Sources */ = {isa = PBXBuildFile; fileRef = 02CAE25F1C3C4A820070D594 /* RJSlideMenuTests.swift */; };
		02CAE26B1C3C4A9D0070D594 /* Podfile in Resources */ = {isa = PBXBuildFile; fileRef = 02CAE26A1C3C4A9D0070D594 /* Podfile */; };
		02CAE26D1C3C4C020070D594 /* UIApplication.swift in Sources */ = {isa = PBXBuildFile; fileRef = 02CAE26C1C3C4C020070D594 /* UIApplication.swift */; };
		02CAE26F1C3C4C0D0070D594 /* ExSlideMenuController.swift in Sources */ = {isa = PBXBuildFile; fileRef = 02CAE26E1C3C4C0D0070D594 /* ExSlideMenuController.swift */; };
		02CAE2711C3C4C410070D594 /* HomePageViewController.swift in Sources */ = {isa = PBXBuildFile; fileRef = 02CAE2701C3C4C410070D594 /* HomePageViewController.swift */; };
		02CAE2731C3C4C540070D594 /* LeftMenuViewController.swift in Sources */ = {isa = PBXBuildFile; fileRef = 02CAE2721C3C4C540070D594 /* LeftMenuViewController.swift */; };
		02CAE2751C3C4D3E0070D594 /* OtherViewController.swift in Sources */ = {isa = PBXBuildFile; fileRef = 02CAE2741C3C4D3E0070D594 /* OtherViewController.swift */; };
		02CAE2771C3C50390070D594 /* UIViewController.swift in Sources */ = {isa = PBXBuildFile; fileRef = 02CAE2761C3C50390070D594 /* UIViewController.swift */; };
		DC5CC3E7D81E4B3629FF2D31 /* Pods.framework in Frameworks */ = {isa = PBXBuildFile; fileRef = AA366D3161E9CC2AF8E92509 /* Pods.framework */; };
/* End PBXBuildFile section */

/* Begin PBXContainerItemProxy section */
		02CAE25C1C3C4A820070D594 /* PBXContainerItemProxy */ = {
			isa = PBXContainerItemProxy;
			containerPortal = 02CAE23F1C3C4A820070D594 /* Project object */;
			proxyType = 1;
			remoteGlobalIDString = 02CAE2461C3C4A820070D594;
			remoteInfo = RJSlideMenu;
		};
/* End PBXContainerItemProxy section */

/* Begin PBXFileReference section */
		02CAE2471C3C4A820070D594 /* RJSlideMenu.app */ = {isa = PBXFileReference; explicitFileType = wrapper.application; includeInIndex = 0; path = RJSlideMenu.app; sourceTree = BUILT_PRODUCTS_DIR; };
		02CAE24A1C3C4A820070D594 /* AppDelegate.swift */ = {isa = PBXFileReference; lastKnownFileType = sourcecode.swift; path = AppDelegate.swift; sourceTree = "<group>"; };
		02CAE24C1C3C4A820070D594 /* ViewController.swift */ = {isa = PBXFileReference; lastKnownFileType = sourcecode.swift; path = ViewController.swift; sourceTree = "<group>"; };
		02CAE24F1C3C4A820070D594 /* Base */ = {isa = PBXFileReference; lastKnownFileType = file.storyboard; name = Base; path = Base.lproj/Main.storyboard; sourceTree = "<group>"; };
		02CAE2511C3C4A820070D594 /* Assets.xcassets */ = {isa = PBXFileReference; lastKnownFileType = folder.assetcatalog; path = Assets.xcassets; sourceTree = "<group>"; };
		02CAE2541C3C4A820070D594 /* Base */ = {isa = PBXFileReference; lastKnownFileType = file.storyboard; name = Base; path = Base.lproj/LaunchScreen.storyboard; sourceTree = "<group>"; };
		02CAE2561C3C4A820070D594 /* Info.plist */ = {isa = PBXFileReference; lastKnownFileType = text.plist.xml; path = Info.plist; sourceTree = "<group>"; };
		02CAE25B1C3C4A820070D594 /* RJSlideMenuTests.xctest */ = {isa = PBXFileReference; explicitFileType = wrapper.cfbundle; includeInIndex = 0; path = RJSlideMenuTests.xctest; sourceTree = BUILT_PRODUCTS_DIR; };
		02CAE25F1C3C4A820070D594 /* RJSlideMenuTests.swift */ = {isa = PBXFileReference; lastKnownFileType = sourcecode.swift; path = RJSlideMenuTests.swift; sourceTree = "<group>"; };
		02CAE2611C3C4A820070D594 /* Info.plist */ = {isa = PBXFileReference; lastKnownFileType = text.plist.xml; path = Info.plist; sourceTree = "<group>"; };
		02CAE26A1C3C4A9D0070D594 /* Podfile */ = {isa = PBXFileReference; fileEncoding = 4; lastKnownFileType = text; path = Podfile; sourceTree = "<group>"; xcLanguageSpecificationIdentifier = xcode.lang.ruby; };
		02CAE26C1C3C4C020070D594 /* UIApplication.swift */ = {isa = PBXFileReference; fileEncoding = 4; lastKnownFileType = sourcecode.swift; path = UIApplication.swift; sourceTree = "<group>"; };
		02CAE26E1C3C4C0D0070D594 /* ExSlideMenuController.swift */ = {isa = PBXFileReference; fileEncoding = 4; lastKnownFileType = sourcecode.swift; path = ExSlideMenuController.swift; sourceTree = "<group>"; };
		02CAE2701C3C4C410070D594 /* HomePageViewController.swift */ = {isa = PBXFileReference; fileEncoding = 4; lastKnownFileType = sourcecode.swift; path = HomePageViewController.swift; sourceTree = "<group>"; };
		02CAE2721C3C4C540070D594 /* LeftMenuViewController.swift */ = {isa = PBXFileReference; fileEncoding = 4; lastKnownFileType = sourcecode.swift; path = LeftMenuViewController.swift; sourceTree = "<group>"; };
		02CAE2741C3C4D3E0070D594 /* OtherViewController.swift */ = {isa = PBXFileReference; fileEncoding = 4; lastKnownFileType = sourcecode.swift; path = OtherViewController.swift; sourceTree = "<group>"; };
		02CAE2761C3C50390070D594 /* UIViewController.swift */ = {isa = PBXFileReference; fileEncoding = 4; lastKnownFileType = sourcecode.swift; path = UIViewController.swift; sourceTree = "<group>"; };
		11F69E7DCBB229AC064FA4A5 /* Pods.debug.xcconfig */ = {isa = PBXFileReference; includeInIndex = 1; lastKnownFileType = text.xcconfig; name = Pods.debug.xcconfig; path = "Pods/Target Support Files/Pods/Pods.debug.xcconfig"; sourceTree = "<group>"; };
		AA366D3161E9CC2AF8E92509 /* Pods.framework */ = {isa = PBXFileReference; explicitFileType = wrapper.framework; includeInIndex = 0; path = Pods.framework; sourceTree = BUILT_PRODUCTS_DIR; };
		E83B5A9356F41C4C18B01F88 /* Pods.release.xcconfig */ = {isa = PBXFileReference; includeInIndex = 1; lastKnownFileType = text.xcconfig; name = Pods.release.xcconfig; path = "Pods/Target Support Files/Pods/Pods.release.xcconfig"; sourceTree = "<group>"; };
/* End PBXFileReference section */

/* Begin PBXFrameworksBuildPhase section */
		02CAE2441C3C4A820070D594 /* Frameworks */ = {
			isa = PBXFrameworksBuildPhase;
			buildActionMask = 2147483647;
			files = (
				DC5CC3E7D81E4B3629FF2D31 /* Pods.framework in Frameworks */,
			);
			runOnlyForDeploymentPostprocessing = 0;
		};
		02CAE2581C3C4A820070D594 /* Frameworks */ = {
			isa = PBXFrameworksBuildPhase;
			buildActionMask = 2147483647;
			files = (
			);
			runOnlyForDeploymentPostprocessing = 0;
		};
/* End PBXFrameworksBuildPhase section */

/* Begin PBXGroup section */
		02CAE23E1C3C4A820070D594 = {
			isa = PBXGroup;
			children = (
				02CAE26A1C3C4A9D0070D594 /* Podfile */,
				02CAE2491C3C4A820070D594 /* RJSlideMenu */,
				02CAE25E1C3C4A820070D594 /* RJSlideMenuTests */,
				02CAE2481C3C4A820070D594 /* Products */,
				6AFE5099C10C5DEE46D33B63 /* Pods */,
				B52C74DF8B8D82F89302B03A /* Frameworks */,
			);
			sourceTree = "<group>";
		};
		02CAE2481C3C4A820070D594 /* Products */ = {
			isa = PBXGroup;
			children = (
				02CAE2471C3C4A820070D594 /* RJSlideMenu.app */,
				02CAE25B1C3C4A820070D594 /* RJSlideMenuTests.xctest */,
			);
			name = Products;
			sourceTree = "<group>";
		};
		02CAE2491C3C4A820070D594 /* RJSlideMenu */ = {
			isa = PBXGroup;
			children = (
				02CAE26C1C3C4C020070D594 /* UIApplication.swift */,
				02CAE2761C3C50390070D594 /* UIViewController.swift */,
				02CAE26E1C3C4C0D0070D594 /* ExSlideMenuController.swift */,
				02CAE24A1C3C4A820070D594 /* AppDelegate.swift */,
				02CAE24C1C3C4A820070D594 /* ViewController.swift */,
				02CAE24E1C3C4A820070D594 /* Main.storyboard */,
				02CAE2511C3C4A820070D594 /* Assets.xcassets */,
				02CAE2531C3C4A820070D594 /* LaunchScreen.storyboard */,
				02CAE2561C3C4A820070D594 /* Info.plist */,
				02CAE2701C3C4C410070D594 /* HomePageViewController.swift */,
				02CAE2721C3C4C540070D594 /* LeftMenuViewController.swift */,
				02CAE2741C3C4D3E0070D594 /* OtherViewController.swift */,
			);
			path = RJSlideMenu;
			sourceTree = "<group>";
		};
		02CAE25E1C3C4A820070D594 /* RJSlideMenuTests */ = {
			isa = PBXGroup;
			children = (
				02CAE25F1C3C4A820070D594 /* RJSlideMenuTests.swift */,
				02CAE2611C3C4A820070D594 /* Info.plist */,
			);
			path = RJSlideMenuTests;
			sourceTree = "<group>";
		};
		6AFE5099C10C5DEE46D33B63 /* Pods */ = {
			isa = PBXGroup;
			children = (
				11F69E7DCBB229AC064FA4A5 /* Pods.debug.xcconfig */,
				E83B5A9356F41C4C18B01F88 /* Pods.release.xcconfig */,
			);
			name = Pods;
			sourceTree = "<group>";
		};
		B52C74DF8B8D82F89302B03A /* Frameworks */ = {
			isa = PBXGroup;
			children = (
				AA366D3161E9CC2AF8E92509 /* Pods.framework */,
			);
			name = Frameworks;
			sourceTree = "<group>";
		};
/* End PBXGroup section */

/* Begin PBXNativeTarget section */
		02CAE2461C3C4A820070D594 /* RJSlideMenu */ = {
			isa = PBXNativeTarget;
			buildConfigurationList = 02CAE2641C3C4A820070D594 /* Build configuration list for PBXNativeTarget "RJSlideMenu" */;
			buildPhases = (
				4D66CD3B66E1BFF6A15A8CD7 /* Check Pods Manifest.lock */,
				02CAE2431C3C4A820070D594 /* Sources */,
				02CAE2441C3C4A820070D594 /* Frameworks */,
				02CAE2451C3C4A820070D594 /* Resources */,
				FC08B0AF38803E6CFBCFC044 /* Embed Pods Frameworks */,
				E89AD55827C87C774F863E9C /* Copy Pods Resources */,
			);
			buildRules = (
			);
			dependencies = (
			);
			name = RJSlideMenu;
			productName = RJSlideMenu;
			productReference = 02CAE2471C3C4A820070D594 /* RJSlideMenu.app */;
			productType = "com.apple.product-type.application";
		};
		02CAE25A1C3C4A820070D594 /* RJSlideMenuTests */ = {
			isa = PBXNativeTarget;
			buildConfigurationList = 02CAE2671C3C4A820070D594 /* Build configuration list for PBXNativeTarget "RJSlideMenuTests" */;
			buildPhases = (
				02CAE2571C3C4A820070D594 /* Sources */,
				02CAE2581C3C4A820070D594 /* Frameworks */,
				02CAE2591C3C4A820070D594 /* Resources */,
			);
			buildRules = (
			);
			dependencies = (
				02CAE25D1C3C4A820070D594 /* PBXTargetDependency */,
			);
			name = RJSlideMenuTests;
			productName = RJSlideMenuTests;
			productReference = 02CAE25B1C3C4A820070D594 /* RJSlideMenuTests.xctest */;
			productType = "com.apple.product-type.bundle.unit-test";
		};
/* End PBXNativeTarget section */

/* Begin PBXProject section */
		02CAE23F1C3C4A820070D594 /* Project object */ = {
			isa = PBXProject;
			attributes = {
				LastSwiftUpdateCheck = 0720;
				LastUpgradeCheck = 0720;
				ORGANIZATIONNAME = Techiepandas;
				TargetAttributes = {
					02CAE2461C3C4A820070D594 = {
						CreatedOnToolsVersion = 7.2;
						DevelopmentTeam = WVN28D7GFZ;
					};
					02CAE25A1C3C4A820070D594 = {
						CreatedOnToolsVersion = 7.2;
						DevelopmentTeam = WVN28D7GFZ;
						TestTargetID = 02CAE2461C3C4A820070D594;
					};
				};
			};
			buildConfigurationList = 02CAE2421C3C4A820070D594 /* Build configuration list for PBXProject "RJSlideMenu" */;
			compatibilityVersion = "Xcode 3.2";
			developmentRegion = English;
			hasScannedForEncodings = 0;
			knownRegions = (
				en,
				Base,
			);
			mainGroup = 02CAE23E1C3C4A820070D594;
			productRefGroup = 02CAE2481C3C4A820070D594 /* Products */;
			projectDirPath = "";
			projectRoot = "";
			targets = (
				02CAE2461C3C4A820070D594 /* RJSlideMenu */,
				02CAE25A1C3C4A820070D594 /* RJSlideMenuTests */,
			);
		};
/* End PBXProject section */

/* Begin PBXResourcesBuildPhase section */
		02CAE2451C3C4A820070D594 /* Resources */ = {
			isa = PBXResourcesBuildPhase;
			buildActionMask = 2147483647;
			files = (
				02CAE2551C3C4A820070D594 /* LaunchScreen.storyboard in Resources */,
				02CAE2521C3C4A820070D594 /* Assets.xcassets in Resources */,
				02CAE26B1C3C4A9D0070D594 /* Podfile in Resources */,
				02CAE2501C3C4A820070D594 /* Main.storyboard in Resources */,
			);
			runOnlyForDeploymentPostprocessing = 0;
		};
		02CAE2591C3C4A820070D594 /* Resources */ = {
			isa = PBXResourcesBuildPhase;
			buildActionMask = 2147483647;
			files = (
			);
			runOnlyForDeploymentPostprocessing = 0;
		};
/* End PBXResourcesBuildPhase section */

/* Begin PBXShellScriptBuildPhase section */
		4D66CD3B66E1BFF6A15A8CD7 /* Check Pods Manifest.lock */ = {
			isa = PBXShellScriptBuildPhase;
			buildActionMask = 2147483647;
			files = (
			);
			inputPaths = (
			);
			name = "Check Pods Manifest.lock";
			outputPaths = (
			);
			runOnlyForDeploymentPostprocessing = 0;
			shellPath = /bin/sh;
			shellScript = "diff \"${PODS_ROOT}/../Podfile.lock\" \"${PODS_ROOT}/Manifest.lock\" > /dev/null\nif [[ $? != 0 ]] ; then\n    cat << EOM\nerror: The sandbox is not in sync with the Podfile.lock. Run 'pod install' or update your CocoaPods installation.\nEOM\n    exit 1\nfi\n";
			showEnvVarsInLog = 0;
		};
		E89AD55827C87C774F863E9C /* Copy Pods Resources */ = {
			isa = PBXShellScriptBuildPhase;
			buildActionMask = 2147483647;
			files = (
			);
			inputPaths = (
			);
			name = "Copy Pods Resources";
			outputPaths = (
			);
			runOnlyForDeploymentPostprocessing = 0;
			shellPath = /bin/sh;
			shellScript = "\"${SRCROOT}/Pods/Target Support Files/Pods/Pods-resources.sh\"\n";
			showEnvVarsInLog = 0;
		};
		FC08B0AF38803E6CFBCFC044 /* Embed Pods Frameworks */ = {
			isa = PBXShellScriptBuildPhase;
			buildActionMask = 2147483647;
			files = (
			);
			inputPaths = (
			);
			name = "Embed Pods Frameworks";
			outputPaths = (
			);
			runOnlyForDeploymentPostprocessing = 0;
			shellPath = /bin/sh;
			shellScript = "\"${SRCROOT}/Pods/Target Support Files/Pods/Pods-frameworks.sh\"\n";
			showEnvVarsInLog = 0;
		};
/* End PBXShellScriptBuildPhase section */

/* Begin PBXSourcesBuildPhase section */
		02CAE2431C3C4A820070D594 /* Sources */ = {
			isa = PBXSourcesBuildPhase;
			buildActionMask = 2147483647;
			files = (
				02CAE26D1C3C4C020070D594 /* UIApplication.swift in Sources */,
				02CAE26F1C3C4C0D0070D594 /* ExSlideMenuController.swift in Sources */,
				02CAE2751C3C4D3E0070D594 /* OtherViewController.swift in Sources */,
				02CAE2731C3C4C540070D594 /* LeftMenuViewController.swift in Sources */,
				02CAE24D1C3C4A820070D594 /* ViewController.swift in Sources */,
				02CAE2711C3C4C410070D594 /* HomePageViewController.swift in Sources */,
				02CAE2771C3C50390070D594 /* UIViewController.swift in Sources */,
				02CAE24B1C3C4A820070D594 /* AppDelegate.swift in Sources */,
			);
			runOnlyForDeploymentPostprocessing = 0;
		};
		02CAE2571C3C4A820070D594 /* Sources */ = {
			isa = PBXSourcesBuildPhase;
			buildActionMask = 2147483647;
			files = (
				02CAE2601C3C4A820070D594 /* RJSlideMenuTests.swift in Sources */,
			);
			runOnlyForDeploymentPostprocessing = 0;
		};
/* End PBXSourcesBuildPhase section */

/* Begin PBXTargetDependency section */
		02CAE25D1C3C4A820070D594 /* PBXTargetDependency */ = {
			isa = PBXTargetDependency;
			target = 02CAE2461C3C4A820070D594 /* RJSlideMenu */;
			targetProxy = 02CAE25C1C3C4A820070D594 /* PBXContainerItemProxy */;
		};
/* End PBXTargetDependency section */

/* Begin PBXVariantGroup section */
		02CAE24E1C3C4A820070D594 /* Main.storyboard */ = {
			isa = PBXVariantGroup;
			children = (
				02CAE24F1C3C4A820070D594 /* Base */,
			);
			name = Main.storyboard;
			sourceTree = "<group>";
		};
		02CAE2531C3C4A820070D594 /* LaunchScreen.storyboard */ = {
			isa = PBXVariantGroup;
			children = (
				02CAE2541C3C4A820070D594 /* Base */,
			);
			name = LaunchScreen.storyboard;
			sourceTree = "<group>";
		};
/* End PBXVariantGroup section */

/* Begin XCBuildConfiguration section */
		02CAE2621C3C4A820070D594 /* Debug */ = {
			isa = XCBuildConfiguration;
			buildSettings = {
				ALWAYS_SEARCH_USER_PATHS = NO;
				CLANG_CXX_LANGUAGE_STANDARD = "gnu++0x";
				CLANG_CXX_LIBRARY = "libc++";
				CLANG_ENABLE_MODULES = YES;
				CLANG_ENABLE_OBJC_ARC = YES;
				CLANG_WARN_BOOL_CONVERSION = YES;
				CLANG_WARN_CONSTANT_CONVERSION = YES;
				CLANG_WARN_DIRECT_OBJC_ISA_USAGE = YES_ERROR;
				CLANG_WARN_EMPTY_BODY = YES;
				CLANG_WARN_ENUM_CONVERSION = YES;
				CLANG_WARN_INT_CONVERSION = YES;
				CLANG_WARN_OBJC_ROOT_CLASS = YES_ERROR;
				CLANG_WARN_UNREACHABLE_CODE = YES;
				CLANG_WARN__DUPLICATE_METHOD_MATCH = YES;
				"CODE_SIGN_IDENTITY[sdk=iphoneos*]" = "iPhone Developer";
				COPY_PHASE_STRIP = NO;
				DEBUG_INFORMATION_FORMAT = dwarf;
				ENABLE_STRICT_OBJC_MSGSEND = YES;
				ENABLE_TESTABILITY = YES;
				GCC_C_LANGUAGE_STANDARD = gnu99;
				GCC_DYNAMIC_NO_PIC = NO;
				GCC_NO_COMMON_BLOCKS = YES;
				GCC_OPTIMIZATION_LEVEL = 0;
				GCC_PREPROCESSOR_DEFINITIONS = (
					"DEBUG=1",
					"$(inherited)",
				);
				GCC_WARN_64_TO_32_BIT_CONVERSION = YES;
				GCC_WARN_ABOUT_RETURN_TYPE = YES_ERROR;
				GCC_WARN_UNDECLARED_SELECTOR = YES;
				GCC_WARN_UNINITIALIZED_AUTOS = YES_AGGRESSIVE;
				GCC_WARN_UNUSED_FUNCTION = YES;
				GCC_WARN_UNUSED_VARIABLE = YES;
				IPHONEOS_DEPLOYMENT_TARGET = 9.2;
				MTL_ENABLE_DEBUG_INFO = YES;
				ONLY_ACTIVE_ARCH = YES;
				SDKROOT = iphoneos;
				SWIFT_OPTIMIZATION_LEVEL = "-Onone";
				TARGETED_DEVICE_FAMILY = "1,2";
			};
			name = Debug;
		};
		02CAE2631C3C4A820070D594 /* Release */ = {
			isa = XCBuildConfiguration;
			buildSettings = {
				ALWAYS_SEARCH_USER_PATHS = NO;
				CLANG_CXX_LANGUAGE_STANDARD = "gnu++0x";
				CLANG_CXX_LIBRARY = "libc++";
				CLANG_ENABLE_MODULES = YES;
				CLANG_ENABLE_OBJC_ARC = YES;
				CLANG_WARN_BOOL_CONVERSION = YES;
				CLANG_WARN_CONSTANT_CONVERSION = YES;
				CLANG_WARN_DIRECT_OBJC_ISA_USAGE = YES_ERROR;
				CLANG_WARN_EMPTY_BODY = YES;
				CLANG_WARN_ENUM_CONVERSION = YES;
				CLANG_WARN_INT_CONVERSION = YES;
				CLANG_WARN_OBJC_ROOT_CLASS = YES_ERROR;
				CLANG_WARN_UNREACHABLE_CODE = YES;
				CLANG_WARN__DUPLICATE_METHOD_MATCH = YES;
				"CODE_SIGN_IDENTITY[sdk=iphoneos*]" = "iPhone Developer";
				COPY_PHASE_STRIP = NO;
				DEBUG_INFORMATION_FORMAT = "dwarf-with-dsym";
				ENABLE_NS_ASSERTIONS = NO;
				ENABLE_STRICT_OBJC_MSGSEND = YES;
				GCC_C_LANGUAGE_STANDARD = gnu99;
				GCC_NO_COMMON_BLOCKS = YES;
				GCC_WARN_64_TO_32_BIT_CONVERSION = YES;
				GCC_WARN_ABOUT_RETURN_TYPE = YES_ERROR;
				GCC_WARN_UNDECLARED_SELECTOR = YES;
				GCC_WARN_UNINITIALIZED_AUTOS = YES_AGGRESSIVE;
				GCC_WARN_UNUSED_FUNCTION = YES;
				GCC_WARN_UNUSED_VARIABLE = YES;
				IPHONEOS_DEPLOYMENT_TARGET = 9.2;
				MTL_ENABLE_DEBUG_INFO = NO;
				SDKROOT = iphoneos;
				TARGETED_DEVICE_FAMILY = "1,2";
				VALIDATE_PRODUCT = YES;
			};
			name = Release;
		};
		02CAE2651C3C4A820070D594 /* Debug */ = {
			isa = XCBuildConfiguration;
			baseConfigurationReference = 11F69E7DCBB229AC064FA4A5 /* Pods.debug.xcconfig */;
			buildSettings = {
				ASSETCATALOG_COMPILER_APPICON_NAME = AppIcon;
				INFOPLIST_FILE = RJSlideMenu/Info.plist;
				LD_RUNPATH_SEARCH_PATHS = "$(inherited) @executable_path/Frameworks";
				PRODUCT_BUNDLE_IDENTIFIER = com.techiepandas.RJSlideMenu;
				PRODUCT_NAME = "$(TARGET_NAME)";
			};
			name = Debug;
		};
		02CAE2661C3C4A820070D594 /* Release */ = {
			isa = XCBuildConfiguration;
			baseConfigurationReference = E83B5A9356F41C4C18B01F88 /* Pods.release.xcconfig */;
			buildSettings = {
				ASSETCATALOG_COMPILER_APPICON_NAME = AppIcon;
				INFOPLIST_FILE = RJSlideMenu/Info.plist;
				LD_RUNPATH_SEARCH_PATHS = "$(inherited) @executable_path/Frameworks";
				PRODUCT_BUNDLE_IDENTIFIER = com.techiepandas.RJSlideMenu;
				PRODUCT_NAME = "$(TARGET_NAME)";
			};
			name = Release;
		};
		02CAE2681C3C4A820070D594 /* Debug */ = {
			isa = XCBuildConfiguration;
			buildSettings = {
				BUNDLE_LOADER = "$(TEST_HOST)";
				INFOPLIST_FILE = RJSlideMenuTests/Info.plist;
				LD_RUNPATH_SEARCH_PATHS = "$(inherited) @executable_path/Frameworks @loader_path/Frameworks";
				PRODUCT_BUNDLE_IDENTIFIER = com.techiepandas.RJSlideMenuTests;
				PRODUCT_NAME = "$(TARGET_NAME)";
				TEST_HOST = "$(BUILT_PRODUCTS_DIR)/RJSlideMenu.app/RJSlideMenu";
			};
			name = Debug;
		};
		02CAE2691C3C4A820070D594 /* Release */ = {
			isa = XCBuildConfiguration;
			buildSettings = {
				BUNDLE_LOADER = "$(TEST_HOST)";
				INFOPLIST_FILE = RJSlideMenuTests/Info.plist;
				LD_RUNPATH_SEARCH_PATHS = "$(inherited) @executable_path/Frameworks @loader_path/Frameworks";
				PRODUCT_BUNDLE_IDENTIFIER = com.techiepandas.RJSlideMenuTests;
				PRODUCT_NAME = "$(TARGET_NAME)";
				TEST_HOST = "$(BUILT_PRODUCTS_DIR)/RJSlideMenu.app/RJSlideMenu";
			};
			name = Release;
		};
/* End XCBuildConfiguration section */

/* Begin XCConfigurationList section */
		02CAE2421C3C4A820070D594 /* Build configuration list for PBXProject "RJSlideMenu" */ = {
			isa = XCConfigurationList;
			buildConfigurations = (
				02CAE2621C3C4A820070D594 /* Debug */,
				02CAE2631C3C4A820070D594 /* Release */,
			);
			defaultConfigurationIsVisible = 0;
			defaultConfigurationName = Release;
		};
		02CAE2641C3C4A820070D594 /* Build configuration list for PBXNativeTarget "RJSlideMenu" */ = {
			isa = XCConfigurationList;
			buildConfigurations = (
				02CAE2651C3C4A820070D594 /* Debug */,
				02CAE2661C3C4A820070D594 /* Release */,
			);
			defaultConfigurationIsVisible = 0;
			defaultConfigurationName = Release;
		};
		02CAE2671C3C4A820070D594 /* Build configuration list for PBXNativeTarget "RJSlideMenuTests" */ = {
			isa = XCConfigurationList;
			buildConfigurations = (
				02CAE2681C3C4A820070D594 /* Debug */,
				02CAE2691C3C4A820070D594 /* Release */,
			);
			defaultConfigurationIsVisible = 0;
			defaultConfigurationName = Release;
		};
/* End XCConfigurationList section */
	};
	rootObject = 02CAE23F1C3C4A820070D594 /* Project object */;
}
